
Microsoft Visual Studio Solution File, Format Version 12.00
# Visual Studio Version 17
VisualStudioVersion = 17.6.33815.320
MinimumVisualStudioVersion = 10.0.40219.1
Project("{FAE04EC0-301F-11D3-BF4B-00C04F79EFBC}") = "Phase3Section2.20", "Phase3Section2.20\Phase3Section2.20.csproj", "{45CADC84-C576-44CA-90EA-DDBF363F904D}"
EndProject
Global
	GlobalSection(SolutionConfigurationPlatforms) = preSolution
		Debug|Any CPU = Debug|Any CPU
		Release|Any CPU = Release|Any CPU
	EndGlobalSection
	GlobalSection(ProjectConfigurationPlatforms) = postSolution
		{45CADC84-C576-44CA-90EA-DDBF363F904D}.Debug|Any CPU.ActiveCfg = Debug|Any CPU
		{45CADC84-C576-44CA-90EA-DDBF363F904D}.Debug|Any CPU.Build.0 = Debug|Any CPU
		{45CADC84-C576-44CA-90EA-DDBF363F904D}.Release|Any CPU.ActiveCfg = Release|Any CPU
		{45CADC84-C576-44CA-90EA-DDBF363F904D}.Release|Any CPU.Build.0 = Release|Any CPU
	EndGlobalSection
	GlobalSection(SolutionProperties) = preSolution
		HideSolutionNode = FALSE
	EndGlobalSection
	GlobalSection(ExtensibilityGlobals) = postSolution
		SolutionGuid = {44E5F090-A7AD-41C9-9BC8-6EA52DA563EB}
	EndGlobalSection
EndGlobal
